
Microsoft Visual Studio Solution File, Format Version 12.00
# Visual Studio Version 16
VisualStudioVersion = 16.0.32002.261
MinimumVisualStudioVersion = 10.0.40219.1
Project("{9A19103F-16F7-4668-BE54-9A1E7A4F7556}") = "ShadowzBurns.Utmp", "ShadowzBurns.Utmp\ShadowzBurns.Utmp.csproj", "{004FF8E2-1433-4657-A420-AA4DA6311C18}"
EndProject
Project("{9A19103F-16F7-4668-BE54-9A1E7A4F7556}") = "ShadowzBurns.Utmp.Tests", "ShadowzBurns.Utmp.Tests\ShadowzBurns.Utmp.Tests.csproj", "{3D08D431-D96D-4F4D-B056-4FAA74AE0C20}"
EndProject
Project("{FAE04EC0-301F-11D3-BF4B-00C04F79EFBC}") = "ShadowzBurns.Last", "ShadowzBurns.Last\ShadowzBurns.Last.csproj", "{D22F74FF-481D-469D-BA1D-291F138E7268}"
EndProject
Project("{FAE04EC0-301F-11D3-BF4B-00C04F79EFBC}") = "ShadowzBurns.Last.Tests", "ShadowzBurns.Last.Tests\ShadowzBurns.Last.Tests.csproj", "{2C94B480-D8F6-415F-ABA4-7107CB234419}"
EndProject
Global
	GlobalSection(SolutionConfigurationPlatforms) = preSolution
		Debug|Any CPU = Debug|Any CPU
		Release|Any CPU = Release|Any CPU
	EndGlobalSection
	GlobalSection(ProjectConfigurationPlatforms) = postSolution
		{004FF8E2-1433-4657-A420-AA4DA6311C18}.Debug|Any CPU.ActiveCfg = Debug|Any CPU
		{004FF8E2-1433-4657-A420-AA4DA6311C18}.Debug|Any CPU.Build.0 = Debug|Any CPU
		{004FF8E2-1433-4657-A420-AA4DA6311C18}.Release|Any CPU.ActiveCfg = Release|Any CPU
		{004FF8E2-1433-4657-A420-AA4DA6311C18}.Release|Any CPU.Build.0 = Release|Any CPU
		{3D08D431-D96D-4F4D-B056-4FAA74AE0C20}.Debug|Any CPU.ActiveCfg = Debug|Any CPU
		{3D08D431-D96D-4F4D-B056-4FAA74AE0C20}.Debug|Any CPU.Build.0 = Debug|Any CPU
		{3D08D431-D96D-4F4D-B056-4FAA74AE0C20}.Release|Any CPU.ActiveCfg = Release|Any CPU
		{3D08D431-D96D-4F4D-B056-4FAA74AE0C20}.Release|Any CPU.Build.0 = Release|Any CPU
		{D22F74FF-481D-469D-BA1D-291F138E7268}.Debug|Any CPU.ActiveCfg = Debug|Any CPU
		{D22F74FF-481D-469D-BA1D-291F138E7268}.Debug|Any CPU.Build.0 = Debug|Any CPU
		{D22F74FF-481D-469D-BA1D-291F138E7268}.Release|Any CPU.ActiveCfg = Release|Any CPU
		{D22F74FF-481D-469D-BA1D-291F138E7268}.Release|Any CPU.Build.0 = Release|Any CPU
		{2C94B480-D8F6-415F-ABA4-7107CB234419}.Debug|Any CPU.ActiveCfg = Debug|Any CPU
		{2C94B480-D8F6-415F-ABA4-7107CB234419}.Debug|Any CPU.Build.0 = Debug|Any CPU
		{2C94B480-D8F6-415F-ABA4-7107CB234419}.Release|Any CPU.ActiveCfg = Release|Any CPU
		{2C94B480-D8F6-415F-ABA4-7107CB234419}.Release|Any CPU.Build.0 = Release|Any CPU
	EndGlobalSection
	GlobalSection(SolutionProperties) = preSolution
		HideSolutionNode = FALSE
	EndGlobalSection
	GlobalSection(ExtensibilityGlobals) = postSolution
		SolutionGuid = {F3D9B528-0946-4A37-A21B-E592F02EDC70}
	EndGlobalSection
EndGlobal
